<?xml version="1.0" encoding="utf-8"?>
<Project ToolsVersion="4.0" xmlns="http://schemas.microsoft.com/developer/msbuild/2003">
  <ItemGroup>
    <Filter Include="Source Files">
      <UniqueIdentifier>{4FC737F1-C7A5-4376-A066-2A32D752A2FF}</UniqueIdentifier>
      <Extensions>cpp;c;cc;cxx;def;odl;idl;hpj;bat;asm;asmx</Extensions>
    </Filter>
    <Filter Include="Header Files">
      <UniqueIdentifier>{93995380-89BD-4b04-88EB-625FBE52EBFB}</UniqueIdentifier>
      <Extensions>h;hh;hpp;hxx;hm;inl;inc;xsd</Extensions>
    </Filter>
    <Filter Include="Resource Files">
      <UniqueIdentifier>{67DA6AB6-F800-4c08-8B7A-83BB121AAD01}</UniqueIdentifier>
      <Extensions>rc;ico;cur;bmp;dlg;rc2;rct;bin;rgs;gif;jpg;jpeg;jpe;resx;tiff;tif;png;wav;mfcribbon-ms</Extensions>
    </Filter>
    <Filter Include="compilation">
      <UniqueIdentifier>{b672ef3c-1446-4779-b263-ff08a80ca9a6}</UniqueIdentifier>
    </Filter>
    <Filter Include="qml">
      <UniqueIdentifier>{9eaa58ae-30b0-4378-8613-4ae6f144d79a}</UniqueIdentifier>
    </Filter>
    <Filter Include="mocs">
      <UniqueIdentifier>{4d478908-6d9f-4053-ac31-4ec08b6b6c4d}</UniqueIdentifier>
    </Filter>
  </ItemGroup>
  <ItemGroup>
    <ClCompile Include="..\..\src\main.cpp">
      <Filter>Source Files</Filter>
    </ClCompile>
    <ClCompile Include="..\..\src\ZmqResourceClient.cpp">
      <Filter>Source Files</Filter>
    </ClCompile>
    <ClCompile Include="..\..\src\ResourceProcessor.cpp">
      <Filter>Source Files</Filter>
    </ClCompile>
    <ClCompile Include="..\..\src\TaskSplitter.cpp">
      <Filter>Source Files</Filter>
    </ClCompile>
    <ClCompile Include="..\..\src\ImageSplitter.cpp">
      <Filter>Source Files</Filter>
    </ClCompile>
    <ClCompile Include="..\..\src\ModelSplitter.cpp">
      <Filter>Source Files</Filter>
    </ClCompile>
    <ClCompile Include="..\..\src\UiHandler.cpp">
      <Filter>Source Files</Filter>
    </ClCompile>
    <ClCompile Include="..\..\moc\UiHandler_moc.cpp">
      <Filter>mocs</Filter>
    </ClCompile>
    <ClCompile Include="..\..\src\LogListModel.cpp">
      <Filter>Source Files</Filter>
    </ClCompile>
    <ClCompile Include="..\..\src\LogItem.cpp">
      <Filter>Source Files</Filter>
    </ClCompile>
    <ClCompile Include="..\..\moc\LogItem_moc.cpp">
      <Filter>mocs</Filter>
    </ClCompile>
    <ClCompile Include="..\..\moc\LogListModel_moc.cpp">
      <Filter>mocs</Filter>
    </ClCompile>
  </ItemGroup>
  <ItemGroup>
    <ClInclude Include="..\..\src\ZmqResourceClient.h">
      <Filter>Source Files</Filter>
    </ClInclude>
    <ClInclude Include="..\..\src\ResourceProcessor.h">
      <Filter>Source Files</Filter>
    </ClInclude>
    <ClInclude Include="..\..\src\TaskSplitter.h">
      <Filter>Source Files</Filter>
    </ClInclude>
    <ClInclude Include="..\..\src\ImageSplitter.h">
      <Filter>Source Files</Filter>
    </ClInclude>
    <ClInclude Include="..\..\src\ModelSplitter.h">
      <Filter>Source Files</Filter>
    </ClInclude>
    <ClInclude Include="..\..\src\ResClientCommon.h">
      <Filter>Source Files</Filter>
    </ClInclude>
    <ClInclude Include="..\..\src\UiHandler.h">
      <Filter>Source Files</Filter>
    </ClInclude>
    <ClInclude Include="..\..\src\LogListModel.h">
      <Filter>Source Files</Filter>
    </ClInclude>
    <ClInclude Include="..\..\src\LogItem.h">
      <Filter>Source Files</Filter>
    </ClInclude>
  </ItemGroup>
  <ItemGroup>
    <None Include="..\..\compilation\MocCompile.py">
      <Filter>compilation</Filter>
    </None>
    <None Include="..\..\compilation\RccCompile.py">
      <Filter>compilation</Filter>
    </None>
    <None Include="..\..\data\qml\CreateProject.qml">
      <Filter>qml</Filter>
    </None>
    <None Include="..\..\data\qml\CreateProjectForm.ui.qml">
      <Filter>qml</Filter>
    </None>
    <None Include="..\..\data\qml\CreateProjectMain.qml">
      <Filter>qml</Filter>
    </None>
    <None Include="..\..\data\qml\main.qml">
      <Filter>qml</Filter>
    </None>
    <None Include="..\..\data\qml\Page1.qml">
      <Filter>qml</Filter>
    </None>
    <None Include="..\..\data\qml\Page1Form.ui.qml">
      <Filter>qml</Filter>
    </None>
  </ItemGroup>
</Project>